
Microsoft Visual Studio Solution File, Format Version 12.00
Project("{FAE04EC0-301F-11D3-BF4B-00C04F79EFBC}") = "MasterEmailPaperCut", "MasterEmailPaperCut\MasterEmailPaperCut.csproj", "{7B287015-D5AE-4172-AA9C-D143B6209520}"
EndProject
Global
	GlobalSection(SolutionConfigurationPlatforms) = preSolution
		Debug|Any CPU = Debug|Any CPU
		Release|Any CPU = Release|Any CPU
	EndGlobalSection
	GlobalSection(ProjectConfigurationPlatforms) = postSolution
		{7B287015-D5AE-4172-AA9C-D143B6209520}.Debug|Any CPU.ActiveCfg = Debug|Any CPU
		{7B287015-D5AE-4172-AA9C-D143B6209520}.Debug|Any CPU.Build.0 = Debug|Any CPU
		{7B287015-D5AE-4172-AA9C-D143B6209520}.Release|Any CPU.ActiveCfg = Release|Any CPU
		{7B287015-D5AE-4172-AA9C-D143B6209520}.Release|Any CPU.Build.0 = Release|Any CPU
	EndGlobalSection
EndGlobal
